
Microsoft Visual Studio Solution File, Format Version 12.00
# Visual Studio 2013
VisualStudioVersion = 12.0.31101.0
MinimumVisualStudioVersion = 10.0.40219.1
Project("{FAE04EC0-301F-11D3-BF4B-00C04F79EFBC}") = "APM.WebAPI", "APM.WebAPI\APM.WebAPI.csproj", "{A707E6DD-DC52-43F4-BF09-CA09C9DD75CA}"
EndProject
Project("{E24C65DC-7377-472B-9ABA-BC803B73C61A}") = "APM.Web", "http://localhost:60626", "{CE949FF8-0345-4760-8EE8-B32C6EC9E8C3}"
	ProjectSection(WebsiteProperties) = preProject
		UseIISExpress = "true"
		TargetFrameworkMoniker = ".NETFramework,Version%3Dv4.5"
		Debug.AspNetCompiler.VirtualPath = "/localhost_60626"
		Debug.AspNetCompiler.PhysicalPath = "APM.Web\"
		Debug.AspNetCompiler.TargetPath = "PrecompiledWeb\localhost_60626\"
		Debug.AspNetCompiler.Updateable = "true"
		Debug.AspNetCompiler.ForceOverwrite = "true"
		Debug.AspNetCompiler.FixedNames = "false"
		Debug.AspNetCompiler.Debug = "True"
		Release.AspNetCompiler.VirtualPath = "/localhost_60626"
		Release.AspNetCompiler.PhysicalPath = "APM.Web\"
		Release.AspNetCompiler.TargetPath = "PrecompiledWeb\localhost_60626\"
		Release.AspNetCompiler.Updateable = "true"
		Release.AspNetCompiler.ForceOverwrite = "true"
		Release.AspNetCompiler.FixedNames = "false"
		Release.AspNetCompiler.Debug = "False"
		SlnRelativePath = "APM.Web\"
		DefaultWebSiteLanguage = "Visual C#"
	EndProjectSection
EndProject
Global
	GlobalSection(SolutionConfigurationPlatforms) = preSolution
		Debug|Any CPU = Debug|Any CPU
		Release|Any CPU = Release|Any CPU
	EndGlobalSection
	GlobalSection(ProjectConfigurationPlatforms) = postSolution
		{A707E6DD-DC52-43F4-BF09-CA09C9DD75CA}.Debug|Any CPU.ActiveCfg = Debug|Any CPU
		{A707E6DD-DC52-43F4-BF09-CA09C9DD75CA}.Debug|Any CPU.Build.0 = Debug|Any CPU
		{A707E6DD-DC52-43F4-BF09-CA09C9DD75CA}.Release|Any CPU.ActiveCfg = Release|Any CPU
		{A707E6DD-DC52-43F4-BF09-CA09C9DD75CA}.Release|Any CPU.Build.0 = Release|Any CPU
		{CE949FF8-0345-4760-8EE8-B32C6EC9E8C3}.Debug|Any CPU.ActiveCfg = Debug|Any CPU
		{CE949FF8-0345-4760-8EE8-B32C6EC9E8C3}.Debug|Any CPU.Build.0 = Debug|Any CPU
		{CE949FF8-0345-4760-8EE8-B32C6EC9E8C3}.Release|Any CPU.ActiveCfg = Debug|Any CPU
		{CE949FF8-0345-4760-8EE8-B32C6EC9E8C3}.Release|Any CPU.Build.0 = Debug|Any CPU
	EndGlobalSection
	GlobalSection(SolutionProperties) = preSolution
		HideSolutionNode = FALSE
	EndGlobalSection
EndGlobal
